// !$*UTF8*$!
{
	archiveVersion = 1;
	classes = {
	};
	objectVersion = 56;
	objects = {

/* Begin PBXBuildFile section */
		A001 /* InsulinCalculatorApp.swift in Sources */ = {isa = PBXBuildFile; fileRef = F001 /* InsulinCalculatorApp.swift */; };
		A002 /* ContentView.swift in Sources */ = {isa = PBXBuildFile; fileRef = F002 /* ContentView.swift */; };
		A003 /* CalculatorView.swift in Sources */ = {isa = PBXBuildFile; fileRef = F003 /* CalculatorView.swift */; };
		A004 /* HistoryView.swift in Sources */ = {isa = PBXBuildFile; fileRef = F004 /* HistoryView.swift */; };
		A005 /* SettingsView.swift in Sources */ = {isa = PBXBuildFile; fileRef = F005 /* SettingsView.swift */; };
		A006 /* InsulinSettings.swift in Sources */ = {isa = PBXBuildFile; fileRef = F006 /* InsulinSettings.swift */; };
		A007 /* DoseCalculation.swift in Sources */ = {isa = PBXBuildFile; fileRef = F007 /* DoseCalculation.swift */; };
		A008 /* DoseHistory.swift in Sources */ = {isa = PBXBuildFile; fileRef = F008 /* DoseHistory.swift */; };
		A009 /* CalculatorViewModel.swift in Sources */ = {isa = PBXBuildFile; fileRef = F009 /* CalculatorViewModel.swift */; };
		A010 /* Assets.xcassets in Resources */ = {isa = PBXBuildFile; fileRef = F010 /* Assets.xcassets */; };
		A011 /* IOBCalculator.swift in Sources */ = {isa = PBXBuildFile; fileRef = F011 /* IOBCalculator.swift */; };
		A012 /* TimeSchedule.swift in Sources */ = {isa = PBXBuildFile; fileRef = F012 /* TimeSchedule.swift */; };
		A013 /* MealPreset.swift in Sources */ = {isa = PBXBuildFile; fileRef = F013 /* MealPreset.swift */; };
		A014 /* MealPresetsView.swift in Sources */ = {isa = PBXBuildFile; fileRef = F014 /* MealPresetsView.swift */; };
		A015 /* TimeSchedulesView.swift in Sources */ = {isa = PBXBuildFile; fileRef = F015 /* TimeSchedulesView.swift */; };
		A016 /* HistoryChartView.swift in Sources */ = {isa = PBXBuildFile; fileRef = F016 /* HistoryChartView.swift */; };
		A017 /* BGTrend.swift in Sources */ = {isa = PBXBuildFile; fileRef = F018 /* BGTrend.swift */; };
		A018 /* Statistics.swift in Sources */ = {isa = PBXBuildFile; fileRef = F019 /* Statistics.swift */; };
		A019 /* StatsView.swift in Sources */ = {isa = PBXBuildFile; fileRef = F020 /* StatsView.swift */; };
		A020 /* PDFReportView.swift in Sources */ = {isa = PBXBuildFile; fileRef = F021 /* PDFReportView.swift */; };
/* End PBXBuildFile section */

/* Begin PBXFileReference section */
		F001 /* InsulinCalculatorApp.swift */ = {isa = PBXFileReference; lastKnownFileType = sourcecode.swift; path = InsulinCalculatorApp.swift; sourceTree = "<group>"; };
		F002 /* ContentView.swift */ = {isa = PBXFileReference; lastKnownFileType = sourcecode.swift; path = ContentView.swift; sourceTree = "<group>"; };
		F003 /* CalculatorView.swift */ = {isa = PBXFileReference; lastKnownFileType = sourcecode.swift; path = CalculatorView.swift; sourceTree = "<group>"; };
		F004 /* HistoryView.swift */ = {isa = PBXFileReference; lastKnownFileType = sourcecode.swift; path = HistoryView.swift; sourceTree = "<group>"; };
		F005 /* SettingsView.swift */ = {isa = PBXFileReference; lastKnownFileType = sourcecode.swift; path = SettingsView.swift; sourceTree = "<group>"; };
		F006 /* InsulinSettings.swift */ = {isa = PBXFileReference; lastKnownFileType = sourcecode.swift; path = InsulinSettings.swift; sourceTree = "<group>"; };
		F007 /* DoseCalculation.swift */ = {isa = PBXFileReference; lastKnownFileType = sourcecode.swift; path = DoseCalculation.swift; sourceTree = "<group>"; };
		F008 /* DoseHistory.swift */ = {isa = PBXFileReference; lastKnownFileType = sourcecode.swift; path = DoseHistory.swift; sourceTree = "<group>"; };
		F009 /* CalculatorViewModel.swift */ = {isa = PBXFileReference; lastKnownFileType = sourcecode.swift; path = CalculatorViewModel.swift; sourceTree = "<group>"; };
		F010 /* Assets.xcassets */ = {isa = PBXFileReference; lastKnownFileType = folder.assetcatalog; path = Assets.xcassets; sourceTree = "<group>"; };
		F011 /* IOBCalculator.swift */ = {isa = PBXFileReference; lastKnownFileType = sourcecode.swift; path = IOBCalculator.swift; sourceTree = "<group>"; };
		F012 /* TimeSchedule.swift */ = {isa = PBXFileReference; lastKnownFileType = sourcecode.swift; path = TimeSchedule.swift; sourceTree = "<group>"; };
		F013 /* MealPreset.swift */ = {isa = PBXFileReference; lastKnownFileType = sourcecode.swift; path = MealPreset.swift; sourceTree = "<group>"; };
		F014 /* MealPresetsView.swift */ = {isa = PBXFileReference; lastKnownFileType = sourcecode.swift; path = MealPresetsView.swift; sourceTree = "<group>"; };
		F015 /* TimeSchedulesView.swift */ = {isa = PBXFileReference; lastKnownFileType = sourcecode.swift; path = TimeSchedulesView.swift; sourceTree = "<group>"; };
		F016 /* HistoryChartView.swift */ = {isa = PBXFileReference; lastKnownFileType = sourcecode.swift; path = HistoryChartView.swift; sourceTree = "<group>"; };
		F017 /* Info.plist */ = {isa = PBXFileReference; lastKnownFileType = text.plist.xml; path = Info.plist; sourceTree = "<group>"; };
		F018 /* BGTrend.swift */ = {isa = PBXFileReference; lastKnownFileType = sourcecode.swift; path = BGTrend.swift; sourceTree = "<group>"; };
		F019 /* Statistics.swift */ = {isa = PBXFileReference; lastKnownFileType = sourcecode.swift; path = Statistics.swift; sourceTree = "<group>"; };
		F020 /* StatsView.swift */ = {isa = PBXFileReference; lastKnownFileType = sourcecode.swift; path = StatsView.swift; sourceTree = "<group>"; };
		F021 /* PDFReportView.swift */ = {isa = PBXFileReference; lastKnownFileType = sourcecode.swift; path = PDFReportView.swift; sourceTree = "<group>"; };
		PROD1 /* InsulinCalculator.app */ = {isa = PBXFileReference; explicitFileType = wrapper.application; includeInIndex = 0; path = InsulinCalculator.app; sourceTree = BUILT_PRODUCTS_DIR; };
/* End PBXFileReference section */

/* Begin PBXFrameworksBuildPhase section */
		BP01 /* Frameworks */ = {
			isa = PBXFrameworksBuildPhase;
			buildActionMask = 2147483647;
			files = (
			);
			runOnlyForDeploymentPostprocessing = 0;
		};
/* End PBXFrameworksBuildPhase section */

/* Begin PBXGroup section */
		MAINGRP /* InsulinCalculator */ = {
			isa = PBXGroup;
			children = (
				APPGRP /* InsulinCalculator */,
				PRODGRP /* Products */,
			);
			sourceTree = "<group>";
		};
		PRODGRP /* Products */ = {
			isa = PBXGroup;
			children = (
				PROD1 /* InsulinCalculator.app */,
			);
			name = Products;
			sourceTree = "<group>";
		};
		APPGRP /* InsulinCalculator */ = {
			isa = PBXGroup;
			children = (
				F001 /* InsulinCalculatorApp.swift */,
				VIEWSGRP /* Views */,
				MODELSGRP /* Models */,
				VMGRP /* ViewModels */,
				F010 /* Assets.xcassets */,
				F017 /* Info.plist */,
			);
			path = InsulinCalculator;
			sourceTree = "<group>";
		};
		VIEWSGRP /* Views */ = {
			isa = PBXGroup;
			children = (
				F002 /* ContentView.swift */,
				F003 /* CalculatorView.swift */,
				F004 /* HistoryView.swift */,
				F005 /* SettingsView.swift */,
				F014 /* MealPresetsView.swift */,
				F015 /* TimeSchedulesView.swift */,
				F016 /* HistoryChartView.swift */,
				F020 /* StatsView.swift */,
				F021 /* PDFReportView.swift */,
			);
			name = Views;
			path = Views;
			sourceTree = "<group>";
		};
		MODELSGRP /* Models */ = {
			isa = PBXGroup;
			children = (
				F006 /* InsulinSettings.swift */,
				F007 /* DoseCalculation.swift */,
				F008 /* DoseHistory.swift */,
				F011 /* IOBCalculator.swift */,
				F012 /* TimeSchedule.swift */,
				F013 /* MealPreset.swift */,
				F018 /* BGTrend.swift */,
				F019 /* Statistics.swift */,
			);
			name = Models;
			path = Models;
			sourceTree = "<group>";
		};
		VMGRP /* ViewModels */ = {
			isa = PBXGroup;
			children = (
				F009 /* CalculatorViewModel.swift */,
			);
			name = ViewModels;
			path = ViewModels;
			sourceTree = "<group>";
		};
/* End PBXGroup section */

/* Begin PBXNativeTarget section */
		TARGET1 /* InsulinCalculator */ = {
			isa = PBXNativeTarget;
			buildConfigurationList = CFGLIST1 /* Build configuration list for PBXNativeTarget "InsulinCalculator" */;
			buildPhases = (
				SOURCES1 /* Sources */,
				BP01 /* Frameworks */,
				RESOURCES1 /* Resources */,
			);
			buildRules = ();
			dependencies = ();
			name = InsulinCalculator;
			productName = InsulinCalculator;
			productReference = PROD1 /* InsulinCalculator.app */;
			productType = "com.apple.product-type.application";
		};
/* End PBXNativeTarget section */

/* Begin PBXProject section */
		PROJECT1 /* Project object */ = {
			isa = PBXProject;
			attributes = {
				BuildIndependentTargetsInParallel = 1;
				LastSwiftUpdateCheck = 1530;
				LastUpgradeCheck = 1530;
				TargetAttributes = {
					TARGET1 = {
						CreatedOnToolsVersion = 15.3;
					};
				};
			};
			buildConfigurationList = CFGLIST0 /* Build configuration list for PBXProject "InsulinCalculator" */;
			compatibilityVersion = "Xcode 14.0";
			developmentRegion = en;
			hasScannedForEncodings = 0;
			knownRegions = (en, Base);
			mainGroup = MAINGRP;
			productRefGroup = PRODGRP /* Products */;
			projectDirPath = "";
			projectRoot = "";
			targets = (TARGET1);
		};
/* End PBXProject section */

/* Begin PBXResourcesBuildPhase section */
		RESOURCES1 /* Resources */ = {
			isa = PBXResourcesBuildPhase;
			buildActionMask = 2147483647;
			files = (A010 /* Assets.xcassets in Resources */);
			runOnlyForDeploymentPostprocessing = 0;
		};
/* End PBXResourcesBuildPhase section */

/* Begin PBXSourcesBuildPhase section */
		SOURCES1 /* Sources */ = {
			isa = PBXSourcesBuildPhase;
			buildActionMask = 2147483647;
			files = (
				A001 /* InsulinCalculatorApp.swift in Sources */,
				A002 /* ContentView.swift in Sources */,
				A003 /* CalculatorView.swift in Sources */,
				A004 /* HistoryView.swift in Sources */,
				A005 /* SettingsView.swift in Sources */,
				A006 /* InsulinSettings.swift in Sources */,
				A007 /* DoseCalculation.swift in Sources */,
				A008 /* DoseHistory.swift in Sources */,
				A009 /* CalculatorViewModel.swift in Sources */,
				A011 /* IOBCalculator.swift in Sources */,
				A012 /* TimeSchedule.swift in Sources */,
				A013 /* MealPreset.swift in Sources */,
				A014 /* MealPresetsView.swift in Sources */,
				A015 /* TimeSchedulesView.swift in Sources */,
				A016 /* HistoryChartView.swift in Sources */,
				A017 /* BGTrend.swift in Sources */,
				A018 /* Statistics.swift in Sources */,
				A019 /* StatsView.swift in Sources */,
				A020 /* PDFReportView.swift in Sources */,
			);
			runOnlyForDeploymentPostprocessing = 0;
		};
/* End PBXSourcesBuildPhase section */

/* Begin XCBuildConfiguration section */
		CFG_DEBUG_PROJ /* Debug */ = {
			isa = XCBuildConfiguration;
			buildSettings = {
				ALWAYS_SEARCH_USER_PATHS = NO;
				CLANG_ENABLE_MODULES = YES;
				CLANG_ENABLE_OBJC_ARC = YES;
				COPY_PHASE_STRIP = NO;
				DEBUG_INFORMATION_FORMAT = dwarf;
				ENABLE_TESTABILITY = YES;
				GCC_OPTIMIZATION_LEVEL = 0;
				GCC_PREPROCESSOR_DEFINITIONS = ("DEBUG=1", "$(inherited)");
				IPHONEOS_DEPLOYMENT_TARGET = 17.0;
				MTL_ENABLE_DEBUG_INFO = INCLUDE_SOURCE;
				ONLY_ACTIVE_ARCH = YES;
				SDKROOT = iphoneos;
				SWIFT_ACTIVE_COMPILATION_CONDITIONS = "DEBUG $(inherited)";
				SWIFT_OPTIMIZATION_LEVEL = "-Onone";
			};
			name = Debug;
		};
		CFG_RELEASE_PROJ /* Release */ = {
			isa = XCBuildConfiguration;
			buildSettings = {
				ALWAYS_SEARCH_USER_PATHS = NO;
				CLANG_ENABLE_MODULES = YES;
				CLANG_ENABLE_OBJC_ARC = YES;
				COPY_PHASE_STRIP = NO;
				DEBUG_INFORMATION_FORMAT = "dwarf-with-dsym";
				ENABLE_NS_ASSERTIONS = NO;
				IPHONEOS_DEPLOYMENT_TARGET = 17.0;
				SDKROOT = iphoneos;
				SWIFT_COMPILATION_MODE = wholemodule;
				SWIFT_OPTIMIZATION_LEVEL = "-O";
				VALIDATE_PRODUCT = YES;
			};
			name = Release;
		};
		CFG_DEBUG_TARGET /* Debug */ = {
			isa = XCBuildConfiguration;
			buildSettings = {
				ASSETCATALOG_COMPILER_APPICON_NAME = AppIcon;
				ASSETCATALOG_COMPILER_GLOBAL_ACCENT_COLOR_NAME = AccentColor;
				CODE_SIGN_STYLE = Automatic;
				CURRENT_PROJECT_VERSION = 1;
				ENABLE_PREVIEWS = YES;
				GENERATE_INFOPLIST_FILE = NO;
				INFOPLIST_FILE = InsulinCalculator/Info.plist;
				IPHONEOS_DEPLOYMENT_TARGET = 17.0;
				MARKETING_VERSION = 2.0;
				PRODUCT_BUNDLE_IDENTIFIER = com.unitflowpro.insulincalculator;
				PRODUCT_NAME = "$(TARGET_NAME)";
				SUPPORTS_MACCATALYST = NO;
				SWIFT_EMIT_LOC_STRINGS = YES;
				SWIFT_VERSION = 5.0;
				TARGETED_DEVICE_FAMILY = "1,2";
			};
			name = Debug;
		};
		CFG_RELEASE_TARGET /* Release */ = {
			isa = XCBuildConfiguration;
			buildSettings = {
				ASSETCATALOG_COMPILER_APPICON_NAME = AppIcon;
				ASSETCATALOG_COMPILER_GLOBAL_ACCENT_COLOR_NAME = AccentColor;
				CODE_SIGN_STYLE = Automatic;
				CURRENT_PROJECT_VERSION = 1;
				ENABLE_PREVIEWS = YES;
				GENERATE_INFOPLIST_FILE = NO;
				INFOPLIST_FILE = InsulinCalculator/Info.plist;
				IPHONEOS_DEPLOYMENT_TARGET = 17.0;
				MARKETING_VERSION = 2.0;
				PRODUCT_BUNDLE_IDENTIFIER = com.unitflowpro.insulincalculator;
				PRODUCT_NAME = "$(TARGET_NAME)";
				SUPPORTS_MACCATALYST = NO;
				SWIFT_EMIT_LOC_STRINGS = YES;
				SWIFT_VERSION = 5.0;
				TARGETED_DEVICE_FAMILY = "1,2";
			};
			name = Release;
		};
/* End XCBuildConfiguration section */

/* Begin XCConfigurationList section */
		CFGLIST0 /* Build configuration list for PBXProject "InsulinCalculator" */ = {
			isa = XCConfigurationList;
			buildConfigurations = (CFG_DEBUG_PROJ, CFG_RELEASE_PROJ);
			defaultConfigurationIsVisible = 0;
			defaultConfigurationName = Release;
		};
		CFGLIST1 /* Build configuration list for PBXNativeTarget "InsulinCalculator" */ = {
			isa = XCConfigurationList;
			buildConfigurations = (CFG_DEBUG_TARGET, CFG_RELEASE_TARGET);
			defaultConfigurationIsVisible = 0;
			defaultConfigurationName = Release;
		};
/* End XCConfigurationList section */
	};
	rootObject = PROJECT1 /* Project object */;
}
